
Microsoft Visual Studio Solution File, Format Version 12.00
# Visual Studio Version 17
VisualStudioVersion = 17.5.33530.505
MinimumVisualStudioVersion = 10.0.40219.1
Project("{FAE04EC0-301F-11D3-BF4B-00C04F79EFBC}") = "Masco.ProjectManagement", "Masco.ProjectManagement.csproj", "{14BF71BC-7308-4F68-8B2D-CED228FA30D8}"
EndProject
Global
	GlobalSection(SolutionConfigurationPlatforms) = preSolution
		Debug|Any CPU = Debug|Any CPU
		Release|Any CPU = Release|Any CPU
	EndGlobalSection
	GlobalSection(ProjectConfigurationPlatforms) = postSolution
		{14BF71BC-7308-4F68-8B2D-CED228FA30D8}.Debug|Any CPU.ActiveCfg = Debug|Any CPU
		{14BF71BC-7308-4F68-8B2D-CED228FA30D8}.Debug|Any CPU.Build.0 = Debug|Any CPU
		{14BF71BC-7308-4F68-8B2D-CED228FA30D8}.Release|Any CPU.ActiveCfg = Release|Any CPU
		{14BF71BC-7308-4F68-8B2D-CED228FA30D8}.Release|Any CPU.Build.0 = Release|Any CPU
	EndGlobalSection
	GlobalSection(SolutionProperties) = preSolution
		HideSolutionNode = FALSE
	EndGlobalSection
	GlobalSection(ExtensibilityGlobals) = postSolution
		SolutionGuid = {4E7E12A3-E7E3-44EC-80BB-8B84357C80FE}
	EndGlobalSection
EndGlobal
